
Microsoft Visual Studio Solution File, Format Version 12.00
# Visual Studio Version 16
VisualStudioVersion = 16.0.29324.140
MinimumVisualStudioVersion = 10.0.40219.1
Project("{8BC9CEB8-8B4A-11D0-8D11-00A0C91BC942}") = "OBEJKT", "OBEJKT.vcxproj", "{AFBC51B6-BE61-4E22-8BFC-224B8D560EC8}"
EndProject
Global
	GlobalSection(SolutionConfigurationPlatforms) = preSolution
		Debug|x64 = Debug|x64
		Debug|x86 = Debug|x86
		Release|x64 = Release|x64
		Release|x86 = Release|x86
	EndGlobalSection
	GlobalSection(ProjectConfigurationPlatforms) = postSolution
		{AFBC51B6-BE61-4E22-8BFC-224B8D560EC8}.Debug|x64.ActiveCfg = Debug|x64
		{AFBC51B6-BE61-4E22-8BFC-224B8D560EC8}.Debug|x64.Build.0 = Debug|x64
		{AFBC51B6-BE61-4E22-8BFC-224B8D560EC8}.Debug|x86.ActiveCfg = Debug|Win32
		{AFBC51B6-BE61-4E22-8BFC-224B8D560EC8}.Debug|x86.Build.0 = Debug|Win32
		{AFBC51B6-BE61-4E22-8BFC-224B8D560EC8}.Release|x64.ActiveCfg = Release|x64
		{AFBC51B6-BE61-4E22-8BFC-224B8D560EC8}.Release|x64.Build.0 = Release|x64
		{AFBC51B6-BE61-4E22-8BFC-224B8D560EC8}.Release|x86.ActiveCfg = Release|Win32
		{AFBC51B6-BE61-4E22-8BFC-224B8D560EC8}.Release|x86.Build.0 = Release|Win32
	EndGlobalSection
	GlobalSection(SolutionProperties) = preSolution
		HideSolutionNode = FALSE
	EndGlobalSection
	GlobalSection(ExtensibilityGlobals) = postSolution
		SolutionGuid = {85AE6E6D-0E2A-4699-B0EF-1CD6391E8147}
	EndGlobalSection
EndGlobal
